// !$*UTF8*$!
{
	archiveVersion = 1;
	classes = {
	};
	objectVersion = 46;
	objects = {

/* Begin PBXBuildFile section */
		3B3ADA011D1D038700B5DDD4 /* main.m in Sources */ = {isa = PBXBuildFile; fileRef = 3B3ADA001D1D038700B5DDD4 /* main.m */; };
		3B3ADA041D1D038700B5DDD4 /* AppDelegate.m in Sources */ = {isa = PBXBuildFile; fileRef = 3B3ADA031D1D038700B5DDD4 /* AppDelegate.m */; };
		3B3ADA071D1D038700B5DDD4 /* ViewController.m in Sources */ = {isa = PBXBuildFile; fileRef = 3B3ADA061D1D038700B5DDD4 /* ViewController.m */; };
		3B3ADA0A1D1D038700B5DDD4 /* Main.storyboard in Resources */ = {isa = PBXBuildFile; fileRef = 3B3ADA081D1D038700B5DDD4 /* Main.storyboard */; };
		3B3ADA0C1D1D038700B5DDD4 /* Assets.xcassets in Resources */ = {isa = PBXBuildFile; fileRef = 3B3ADA0B1D1D038700B5DDD4 /* Assets.xcassets */; };
		3B3ADA0F1D1D038700B5DDD4 /* LaunchScreen.storyboard in Resources */ = {isa = PBXBuildFile; fileRef = 3B3ADA0D1D1D038700B5DDD4 /* LaunchScreen.storyboard */; };
		3B3ADA4C1D1D05A800B5DDD4 /* .travis.yml in Resources */ = {isa = PBXBuildFile; fileRef = 3B3ADA241D1D05A800B5DDD4 /* .travis.yml */; };
		3B3ADA4D1D1D05A800B5DDD4 /* Clearness Dark.css in Resources */ = {isa = PBXBuildFile; fileRef = 3B3ADA251D1D05A800B5DDD4 /* Clearness Dark.css */; };
		3B3ADA4E1D1D05A800B5DDD4 /* Clearness.css in Resources */ = {isa = PBXBuildFile; fileRef = 3B3ADA261D1D05A800B5DDD4 /* Clearness.css */; };
		3B3ADA4F1D1D05A800B5DDD4 /* composer.json in Resources */ = {isa = PBXBuildFile; fileRef = 3B3ADA271D1D05A800B5DDD4 /* composer.json */; };
		3B3ADA501D1D05A800B5DDD4 /* showdown.js in Resources */ = {isa = PBXBuildFile; fileRef = 3B3ADA291D1D05A800B5DDD4 /* showdown.js */; };
		3B3ADA511D1D05A800B5DDD4 /* showdown.min.js in Resources */ = {isa = PBXBuildFile; fileRef = 3B3ADA2B1D1D05A800B5DDD4 /* showdown.min.js */; };
		3B3ADA521D1D05A800B5DDD4 /* github-markdown.css in Resources */ = {isa = PBXBuildFile; fileRef = 3B3ADA2D1D1D05A800B5DDD4 /* github-markdown.css */; };
		3B3ADA531D1D05A800B5DDD4 /* GitHub.css in Resources */ = {isa = PBXBuildFile; fileRef = 3B3ADA2E1D1D05A800B5DDD4 /* GitHub.css */; };
		3B3ADA541D1D05A800B5DDD4 /* GitHub2.css in Resources */ = {isa = PBXBuildFile; fileRef = 3B3ADA2F1D1D05A800B5DDD4 /* GitHub2.css */; };
		3B3ADA551D1D05A800B5DDD4 /* index.js in Resources */ = {isa = PBXBuildFile; fileRef = 3B3ADA311D1D05A800B5DDD4 /* index.js */; };
		3B3ADA561D1D05A800B5DDD4 /* markdown.js in Resources */ = {isa = PBXBuildFile; fileRef = 3B3ADA321D1D05A800B5DDD4 /* markdown.js */; };
		3B3ADA571D1D05A800B5DDD4 /* LICENSE.txt in Resources */ = {isa = PBXBuildFile; fileRef = 3B3ADA331D1D05A800B5DDD4 /* LICENSE.txt */; };
		3B3ADA581D1D05A800B5DDD4 /* Parsedown.php in Resources */ = {isa = PBXBuildFile; fileRef = 3B3ADA341D1D05A800B5DDD4 /* Parsedown.php */; };
		3B3ADA591D1D05A800B5DDD4 /* ParsedownExtra.php in Resources */ = {isa = PBXBuildFile; fileRef = 3B3ADA351D1D05A800B5DDD4 /* ParsedownExtra.php */; };
		3B3ADA5A1D1D05A800B5DDD4 /* phpunit.xml.dist in Resources */ = {isa = PBXBuildFile; fileRef = 3B3ADA361D1D05A800B5DDD4 /* phpunit.xml.dist */; };
		3B3ADA5B1D1D05A800B5DDD4 /* README.md in Sources */ = {isa = PBXBuildFile; fileRef = 3B3ADA371D1D05A800B5DDD4 /* README.md */; };
		3B3ADA5C1D1D05A800B5DDD4 /* showdown.html in Resources */ = {isa = PBXBuildFile; fileRef = 3B3ADA381D1D05A800B5DDD4 /* showdown.html */; };
		3B3ADA5D1D1D05A800B5DDD4 /* strapdown.html in Resources */ = {isa = PBXBuildFile; fileRef = 3B3ADA391D1D05A800B5DDD4 /* strapdown.html */; };
		3B3ADA5E1D1D05A800B5DDD4 /* bootstrap.php in Resources */ = {isa = PBXBuildFile; fileRef = 3B3ADA3B1D1D05A800B5DDD4 /* bootstrap.php */; };
		3B3ADA5F1D1D05A800B5DDD4 /* abbreviation.html in Resources */ = {isa = PBXBuildFile; fileRef = 3B3ADA3D1D1D05A800B5DDD4 /* abbreviation.html */; };
		3B3ADA601D1D05A800B5DDD4 /* abbreviation.md in Sources */ = {isa = PBXBuildFile; fileRef = 3B3ADA3E1D1D05A800B5DDD4 /* abbreviation.md */; };
		3B3ADA611D1D05A800B5DDD4 /* compound_footnote.html in Resources */ = {isa = PBXBuildFile; fileRef = 3B3ADA3F1D1D05A800B5DDD4 /* compound_footnote.html */; };
		3B3ADA621D1D05A800B5DDD4 /* compound_footnote.md in Sources */ = {isa = PBXBuildFile; fileRef = 3B3ADA401D1D05A800B5DDD4 /* compound_footnote.md */; };
		3B3ADA631D1D05A800B5DDD4 /* definition_list.html in Resources */ = {isa = PBXBuildFile; fileRef = 3B3ADA411D1D05A800B5DDD4 /* definition_list.html */; };
		3B3ADA641D1D05A800B5DDD4 /* definition_list.md in Sources */ = {isa = PBXBuildFile; fileRef = 3B3ADA421D1D05A800B5DDD4 /* definition_list.md */; };
		3B3ADA651D1D05A800B5DDD4 /* footnote.html in Resources */ = {isa = PBXBuildFile; fileRef = 3B3ADA431D1D05A800B5DDD4 /* footnote.html */; };
		3B3ADA661D1D05A800B5DDD4 /* footnote.md in Sources */ = {isa = PBXBuildFile; fileRef = 3B3ADA441D1D05A800B5DDD4 /* footnote.md */; };
		3B3ADA671D1D05A800B5DDD4 /* markdown_inside_markup.html in Resources */ = {isa = PBXBuildFile; fileRef = 3B3ADA451D1D05A800B5DDD4 /* markdown_inside_markup.html */; };
		3B3ADA681D1D05A800B5DDD4 /* markdown_inside_markup.md in Sources */ = {isa = PBXBuildFile; fileRef = 3B3ADA461D1D05A800B5DDD4 /* markdown_inside_markup.md */; };
		3B3ADA691D1D05A800B5DDD4 /* special_attributes.html in Resources */ = {isa = PBXBuildFile; fileRef = 3B3ADA471D1D05A800B5DDD4 /* special_attributes.html */; };
		3B3ADA6A1D1D05A800B5DDD4 /* special_attributes.md in Sources */ = {isa = PBXBuildFile; fileRef = 3B3ADA481D1D05A800B5DDD4 /* special_attributes.md */; };
		3B3ADA6B1D1D05A800B5DDD4 /* ParsedownExtraTest.php in Resources */ = {isa = PBXBuildFile; fileRef = 3B3ADA491D1D05A800B5DDD4 /* ParsedownExtraTest.php */; };
		3B3ADA6C1D1D05A800B5DDD4 /* text.html in Resources */ = {isa = PBXBuildFile; fileRef = 3B3ADA4A1D1D05A800B5DDD4 /* text.html */; };
		3B3ADA6D1D1D05A800B5DDD4 /* text.php in Resources */ = {isa = PBXBuildFile; fileRef = 3B3ADA4B1D1D05A800B5DDD4 /* text.php */; };
		3B3ADA6F1D1D072C00B5DDD4 /* ShowHtml.html in Resources */ = {isa = PBXBuildFile; fileRef = 3B3ADA6E1D1D072C00B5DDD4 /* ShowHtml.html */; };
		3B3ADA711D1D11A100B5DDD4 /* JavaScriptCore.framework in Frameworks */ = {isa = PBXBuildFile; fileRef = 3B3ADA701D1D11A100B5DDD4 /* JavaScriptCore.framework */; };
		3B3DF44C1D1D18E1004F74E5 /* ShowMatrDownHmlVC.m in Sources */ = {isa = PBXBuildFile; fileRef = 3B3DF44B1D1D18E1004F74E5 /* ShowMatrDownHmlVC.m */; };
		3B3DF4631D1D25FC004F74E5 /* Icon-60.png in Resources */ = {isa = PBXBuildFile; fileRef = 3B3DF44E1D1D25FC004F74E5 /* Icon-60.png */; };
		3B3DF4641D1D25FC004F74E5 /* Icon-60@2x.png in Resources */ = {isa = PBXBuildFile; fileRef = 3B3DF44F1D1D25FC004F74E5 /* Icon-60@2x.png */; };
		3B3DF4651D1D25FC004F74E5 /* Icon-60@3x.png in Resources */ = {isa = PBXBuildFile; fileRef = 3B3DF4501D1D25FC004F74E5 /* Icon-60@3x.png */; };
		3B3DF4661D1D25FC004F74E5 /* Icon-72.png in Resources */ = {isa = PBXBuildFile; fileRef = 3B3DF4511D1D25FC004F74E5 /* Icon-72.png */; };
		3B3DF4671D1D25FC004F74E5 /* Icon-72@2x.png in Resources */ = {isa = PBXBuildFile; fileRef = 3B3DF4521D1D25FC004F74E5 /* Icon-72@2x.png */; };
		3B3DF4681D1D25FC004F74E5 /* Icon-76.png in Resources */ = {isa = PBXBuildFile; fileRef = 3B3DF4531D1D25FC004F74E5 /* Icon-76.png */; };
		3B3DF4691D1D25FC004F74E5 /* Icon-76@2x.png in Resources */ = {isa = PBXBuildFile; fileRef = 3B3DF4541D1D25FC004F74E5 /* Icon-76@2x.png */; };
		3B3DF46A1D1D25FC004F74E5 /* Icon-76@3x.png in Resources */ = {isa = PBXBuildFile; fileRef = 3B3DF4551D1D25FC004F74E5 /* Icon-76@3x.png */; };
		3B3DF46B1D1D25FC004F74E5 /* Icon-iPadPro@2x.png in Resources */ = {isa = PBXBuildFile; fileRef = 3B3DF4561D1D25FC004F74E5 /* Icon-iPadPro@2x.png */; };
		3B3DF46C1D1D25FC004F74E5 /* Icon-Small-50.png in Resources */ = {isa = PBXBuildFile; fileRef = 3B3DF4571D1D25FC004F74E5 /* Icon-Small-50.png */; };
		3B3DF46D1D1D25FC004F74E5 /* Icon-Small-50@2x.png in Resources */ = {isa = PBXBuildFile; fileRef = 3B3DF4581D1D25FC004F74E5 /* Icon-Small-50@2x.png */; };
		3B3DF46E1D1D25FC004F74E5 /* Icon-Small.png in Resources */ = {isa = PBXBuildFile; fileRef = 3B3DF4591D1D25FC004F74E5 /* Icon-Small.png */; };
		3B3DF46F1D1D25FC004F74E5 /* Icon-Small@2x.png in Resources */ = {isa = PBXBuildFile; fileRef = 3B3DF45A1D1D25FC004F74E5 /* Icon-Small@2x.png */; };
		3B3DF4701D1D25FC004F74E5 /* Icon-Small@3x.png in Resources */ = {isa = PBXBuildFile; fileRef = 3B3DF45B1D1D25FC004F74E5 /* Icon-Small@3x.png */; };
		3B3DF4711D1D25FC004F74E5 /* Icon-Spotlight-40.png in Resources */ = {isa = PBXBuildFile; fileRef = 3B3DF45C1D1D25FC004F74E5 /* Icon-Spotlight-40.png */; };
		3B3DF4721D1D25FC004F74E5 /* Icon-Spotlight-40@2x.png in Resources */ = {isa = PBXBuildFile; fileRef = 3B3DF45D1D1D25FC004F74E5 /* Icon-Spotlight-40@2x.png */; };
		3B3DF4731D1D25FC004F74E5 /* Icon-Spotlight-40@3x.png in Resources */ = {isa = PBXBuildFile; fileRef = 3B3DF45E1D1D25FC004F74E5 /* Icon-Spotlight-40@3x.png */; };
		3B3DF4741D1D25FC004F74E5 /* Icon.png in Resources */ = {isa = PBXBuildFile; fileRef = 3B3DF45F1D1D25FC004F74E5 /* Icon.png */; };
		3B3DF4751D1D25FC004F74E5 /* Icon@2x.png in Resources */ = {isa = PBXBuildFile; fileRef = 3B3DF4601D1D25FC004F74E5 /* Icon@2x.png */; };
		3B3DF4761D1D25FC004F74E5 /* iTunesArtwork in Resources */ = {isa = PBXBuildFile; fileRef = 3B3DF4611D1D25FC004F74E5 /* iTunesArtwork */; };
		3B3DF4771D1D25FC004F74E5 /* iTunesArtwork@2x in Resources */ = {isa = PBXBuildFile; fileRef = 3B3DF4621D1D25FC004F74E5 /* iTunesArtwork@2x */; };
		3B3DF47A1D1D27C2004F74E5 /* ic_font.png in Resources */ = {isa = PBXBuildFile; fileRef = 3B3DF4791D1D27C2004F74E5 /* ic_font.png */; };
		3B3DF47C1D1D2A14004F74E5 /* help.txt in Resources */ = {isa = PBXBuildFile; fileRef = 3B3DF47B1D1D2A14004F74E5 /* help.txt */; };
/* End PBXBuildFile section */

/* Begin PBXFileReference section */
		3B3AD9FC1D1D038700B5DDD4 /* MarkDownIos.app */ = {isa = PBXFileReference; explicitFileType = wrapper.application; includeInIndex = 0; path = MarkDownIos.app; sourceTree = BUILT_PRODUCTS_DIR; };
		3B3ADA001D1D038700B5DDD4 /* main.m */ = {isa = PBXFileReference; lastKnownFileType = sourcecode.c.objc; path = main.m; sourceTree = "<group>"; };
		3B3ADA021D1D038700B5DDD4 /* AppDelegate.h */ = {isa = PBXFileReference; lastKnownFileType = sourcecode.c.h; path = AppDelegate.h; sourceTree = "<group>"; };
		3B3ADA031D1D038700B5DDD4 /* AppDelegate.m */ = {isa = PBXFileReference; lastKnownFileType = sourcecode.c.objc; path = AppDelegate.m; sourceTree = "<group>"; };
		3B3ADA051D1D038700B5DDD4 /* ViewController.h */ = {isa = PBXFileReference; lastKnownFileType = sourcecode.c.h; path = ViewController.h; sourceTree = "<group>"; };
		3B3ADA061D1D038700B5DDD4 /* ViewController.m */ = {isa = PBXFileReference; lastKnownFileType = sourcecode.c.objc; path = ViewController.m; sourceTree = "<group>"; };
		3B3ADA091D1D038700B5DDD4 /* Base */ = {isa = PBXFileReference; lastKnownFileType = file.storyboard; name = Base; path = Base.lproj/Main.storyboard; sourceTree = "<group>"; };
		3B3ADA0B1D1D038700B5DDD4 /* Assets.xcassets */ = {isa = PBXFileReference; lastKnownFileType = folder.assetcatalog; path = Assets.xcassets; sourceTree = "<group>"; };
		3B3ADA0E1D1D038700B5DDD4 /* Base */ = {isa = PBXFileReference; lastKnownFileType = file.storyboard; name = Base; path = Base.lproj/LaunchScreen.storyboard; sourceTree = "<group>"; };
		3B3ADA101D1D038700B5DDD4 /* Info.plist */ = {isa = PBXFileReference; lastKnownFileType = text.plist.xml; path = Info.plist; sourceTree = "<group>"; };
		3B3ADA241D1D05A800B5DDD4 /* .travis.yml */ = {isa = PBXFileReference; fileEncoding = 4; lastKnownFileType = text; path = .travis.yml; sourceTree = "<group>"; };
		3B3ADA251D1D05A800B5DDD4 /* Clearness Dark.css */ = {isa = PBXFileReference; fileEncoding = 4; lastKnownFileType = text.css; path = "Clearness Dark.css"; sourceTree = "<group>"; };
		3B3ADA261D1D05A800B5DDD4 /* Clearness.css */ = {isa = PBXFileReference; fileEncoding = 4; lastKnownFileType = text.css; path = Clearness.css; sourceTree = "<group>"; };
		3B3ADA271D1D05A800B5DDD4 /* composer.json */ = {isa = PBXFileReference; fileEncoding = 4; lastKnownFileType = text.json; path = composer.json; sourceTree = "<group>"; };
		3B3ADA291D1D05A800B5DDD4 /* showdown.js */ = {isa = PBXFileReference; fileEncoding = 4; lastKnownFileType = sourcecode.javascript; path = showdown.js; sourceTree = "<group>"; };
		3B3ADA2A1D1D05A800B5DDD4 /* showdown.js.map */ = {isa = PBXFileReference; fileEncoding = 4; lastKnownFileType = "sourcecode.module-map"; path = showdown.js.map; sourceTree = "<group>"; };
		3B3ADA2B1D1D05A800B5DDD4 /* showdown.min.js */ = {isa = PBXFileReference; fileEncoding = 4; lastKnownFileType = sourcecode.javascript; path = showdown.min.js; sourceTree = "<group>"; };
		3B3ADA2C1D1D05A800B5DDD4 /* showdown.min.js.map */ = {isa = PBXFileReference; fileEncoding = 4; lastKnownFileType = "sourcecode.module-map"; path = showdown.min.js.map; sourceTree = "<group>"; };
		3B3ADA2D1D1D05A800B5DDD4 /* github-markdown.css */ = {isa = PBXFileReference; fileEncoding = 4; lastKnownFileType = text.css; path = "github-markdown.css"; sourceTree = "<group>"; };
		3B3ADA2E1D1D05A800B5DDD4 /* GitHub.css */ = {isa = PBXFileReference; fileEncoding = 4; lastKnownFileType = text.css; path = GitHub.css; sourceTree = "<group>"; };
		3B3ADA2F1D1D05A800B5DDD4 /* GitHub2.css */ = {isa = PBXFileReference; fileEncoding = 4; lastKnownFileType = text.css; path = GitHub2.css; sourceTree = "<group>"; };
		3B3ADA311D1D05A800B5DDD4 /* index.js */ = {isa = PBXFileReference; fileEncoding = 4; lastKnownFileType = sourcecode.javascript; path = index.js; sourceTree = "<group>"; };
		3B3ADA321D1D05A800B5DDD4 /* markdown.js */ = {isa = PBXFileReference; fileEncoding = 4; lastKnownFileType = sourcecode.javascript; path = markdown.js; sourceTree = "<group>"; };
		3B3ADA331D1D05A800B5DDD4 /* LICENSE.txt */ = {isa = PBXFileReference; fileEncoding = 4; lastKnownFileType = text; path = LICENSE.txt; sourceTree = "<group>"; };
		3B3ADA341D1D05A800B5DDD4 /* Parsedown.php */ = {isa = PBXFileReference; fileEncoding = 4; lastKnownFileType = text.script.php; path = Parsedown.php; sourceTree = "<group>"; };
		3B3ADA351D1D05A800B5DDD4 /* ParsedownExtra.php */ = {isa = PBXFileReference; fileEncoding = 4; lastKnownFileType = text.script.php; path = ParsedownExtra.php; sourceTree = "<group>"; };
		3B3ADA361D1D05A800B5DDD4 /* phpunit.xml.dist */ = {isa = PBXFileReference; fileEncoding = 4; lastKnownFileType = text.xml; path = phpunit.xml.dist; sourceTree = "<group>"; };
		3B3ADA371D1D05A800B5DDD4 /* README.md */ = {isa = PBXFileReference; fileEncoding = 4; lastKnownFileType = net.daringfireball.markdown; path = README.md; sourceTree = "<group>"; };
		3B3ADA381D1D05A800B5DDD4 /* showdown.html */ = {isa = PBXFileReference; fileEncoding = 4; lastKnownFileType = text.html; path = showdown.html; sourceTree = "<group>"; };
		3B3ADA391D1D05A800B5DDD4 /* strapdown.html */ = {isa = PBXFileReference; fileEncoding = 4; lastKnownFileType = text.html; path = strapdown.html; sourceTree = "<group>"; };
		3B3ADA3B1D1D05A800B5DDD4 /* bootstrap.php */ = {isa = PBXFileReference; fileEncoding = 4; lastKnownFileType = text.script.php; path = bootstrap.php; sourceTree = "<group>"; };
		3B3ADA3D1D1D05A800B5DDD4 /* abbreviation.html */ = {isa = PBXFileReference; fileEncoding = 4; lastKnownFileType = text.html; path = abbreviation.html; sourceTree = "<group>"; };
		3B3ADA3E1D1D05A800B5DDD4 /* abbreviation.md */ = {isa = PBXFileReference; fileEncoding = 4; lastKnownFileType = net.daringfireball.markdown; path = abbreviation.md; sourceTree = "<group>"; };
		3B3ADA3F1D1D05A800B5DDD4 /* compound_footnote.html */ = {isa = PBXFileReference; fileEncoding = 4; lastKnownFileType = text.html; path = compound_footnote.html; sourceTree = "<group>"; };
		3B3ADA401D1D05A800B5DDD4 /* compound_footnote.md */ = {isa = PBXFileReference; fileEncoding = 4; lastKnownFileType = net.daringfireball.markdown; path = compound_footnote.md; sourceTree = "<group>"; };
		3B3ADA411D1D05A800B5DDD4 /* definition_list.html */ = {isa = PBXFileReference; fileEncoding = 4; lastKnownFileType = text.html; path = definition_list.html; sourceTree = "<group>"; };
		3B3ADA421D1D05A800B5DDD4 /* definition_list.md */ = {isa = PBXFileReference; fileEncoding = 4; lastKnownFileType = net.daringfireball.markdown; path = definition_list.md; sourceTree = "<group>"; };
		3B3ADA431D1D05A800B5DDD4 /* footnote.html */ = {isa = PBXFileReference; fileEncoding = 4; lastKnownFileType = text.html; path = footnote.html; sourceTree = "<group>"; };
		3B3ADA441D1D05A800B5DDD4 /* footnote.md */ = {isa = PBXFileReference; fileEncoding = 4; lastKnownFileType = net.daringfireball.markdown; path = footnote.md; sourceTree = "<group>"; };
		3B3ADA451D1D05A800B5DDD4 /* markdown_inside_markup.html */ = {isa = PBXFileReference; fileEncoding = 4; lastKnownFileType = text.html; path = markdown_inside_markup.html; sourceTree = "<group>"; };
		3B3ADA461D1D05A800B5DDD4 /* markdown_inside_markup.md */ = {isa = PBXFileReference; fileEncoding = 4; lastKnownFileType = net.daringfireball.markdown; path = markdown_inside_markup.md; sourceTree = "<group>"; };
		3B3ADA471D1D05A800B5DDD4 /* special_attributes.html */ = {isa = PBXFileReference; fileEncoding = 4; lastKnownFileType = text.html; path = special_attributes.html; sourceTree = "<group>"; };
		3B3ADA481D1D05A800B5DDD4 /* special_attributes.md */ = {isa = PBXFileReference; fileEncoding = 4; lastKnownFileType = net.daringfireball.markdown; path = special_attributes.md; sourceTree = "<group>"; };
		3B3ADA491D1D05A800B5DDD4 /* ParsedownExtraTest.php */ = {isa = PBXFileReference; fileEncoding = 4; lastKnownFileType = text.script.php; path = ParsedownExtraTest.php; sourceTree = "<group>"; };
		3B3ADA4A1D1D05A800B5DDD4 /* text.html */ = {isa = PBXFileReference; fileEncoding = 4; lastKnownFileType = text.html; path = text.html; sourceTree = "<group>"; };
		3B3ADA4B1D1D05A800B5DDD4 /* text.php */ = {isa = PBXFileReference; fileEncoding = 4; lastKnownFileType = text.script.php; path = text.php; sourceTree = "<group>"; };
		3B3ADA6E1D1D072C00B5DDD4 /* ShowHtml.html */ = {isa = PBXFileReference; fileEncoding = 4; lastKnownFileType = text.html; path = ShowHtml.html; sourceTree = "<group>"; };
		3B3ADA701D1D11A100B5DDD4 /* JavaScriptCore.framework */ = {isa = PBXFileReference; lastKnownFileType = wrapper.framework; name = JavaScriptCore.framework; path = System/Library/Frameworks/JavaScriptCore.framework; sourceTree = SDKROOT; };
		3B3DF44A1D1D18E1004F74E5 /* ShowMatrDownHmlVC.h */ = {isa = PBXFileReference; fileEncoding = 4; lastKnownFileType = sourcecode.c.h; path = ShowMatrDownHmlVC.h; sourceTree = "<group>"; };
		3B3DF44B1D1D18E1004F74E5 /* ShowMatrDownHmlVC.m */ = {isa = PBXFileReference; fileEncoding = 4; lastKnownFileType = sourcecode.c.objc; path = ShowMatrDownHmlVC.m; sourceTree = "<group>"; };
		3B3DF44E1D1D25FC004F74E5 /* Icon-60.png */ = {isa = PBXFileReference; lastKnownFileType = image.png; path = "Icon-60.png"; sourceTree = "<group>"; };
		3B3DF44F1D1D25FC004F74E5 /* Icon-60@2x.png */ = {isa = PBXFileReference; lastKnownFileType = image.png; path = "Icon-60@2x.png"; sourceTree = "<group>"; };
		3B3DF4501D1D25FC004F74E5 /* Icon-60@3x.png */ = {isa = PBXFileReference; lastKnownFileType = image.png; path = "Icon-60@3x.png"; sourceTree = "<group>"; };
		3B3DF4511D1D25FC004F74E5 /* Icon-72.png */ = {isa = PBXFileReference; lastKnownFileType = image.png; path = "Icon-72.png"; sourceTree = "<group>"; };
		3B3DF4521D1D25FC004F74E5 /* Icon-72@2x.png */ = {isa = PBXFileReference; lastKnownFileType = image.png; path = "Icon-72@2x.png"; sourceTree = "<group>"; };
		3B3DF4531D1D25FC004F74E5 /* Icon-76.png */ = {isa = PBXFileReference; lastKnownFileType = image.png; path = "Icon-76.png"; sourceTree = "<group>"; };
		3B3DF4541D1D25FC004F74E5 /* Icon-76@2x.png */ = {isa = PBXFileReference; lastKnownFileType = image.png; path = "Icon-76@2x.png"; sourceTree = "<group>"; };
		3B3DF4551D1D25FC004F74E5 /* Icon-76@3x.png */ = {isa = PBXFileReference; lastKnownFileType = image.png; path = "Icon-76@3x.png"; sourceTree = "<group>"; };
		3B3DF4561D1D25FC004F74E5 /* Icon-iPadPro@2x.png */ = {isa = PBXFileReference; lastKnownFileType = image.png; path = "Icon-iPadPro@2x.png"; sourceTree = "<group>"; };
		3B3DF4571D1D25FC004F74E5 /* Icon-Small-50.png */ = {isa = PBXFileReference; lastKnownFileType = image.png; path = "Icon-Small-50.png"; sourceTree = "<group>"; };
		3B3DF4581D1D25FC004F74E5 /* Icon-Small-50@2x.png */ = {isa = PBXFileReference; lastKnownFileType = image.png; path = "Icon-Small-50@2x.png"; sourceTree = "<group>"; };
		3B3DF4591D1D25FC004F74E5 /* Icon-Small.png */ = {isa = PBXFileReference; lastKnownFileType = image.png; path = "Icon-Small.png"; sourceTree = "<group>"; };
		3B3DF45A1D1D25FC004F74E5 /* Icon-Small@2x.png */ = {isa = PBXFileReference; lastKnownFileType = image.png; path = "Icon-Small@2x.png"; sourceTree = "<group>"; };
		3B3DF45B1D1D25FC004F74E5 /* Icon-Small@3x.png */ = {isa = PBXFileReference; lastKnownFileType = image.png; path = "Icon-Small@3x.png"; sourceTree = "<group>"; };
		3B3DF45C1D1D25FC004F74E5 /* Icon-Spotlight-40.png */ = {isa = PBXFileReference; lastKnownFileType = image.png; path = "Icon-Spotlight-40.png"; sourceTree = "<group>"; };
		3B3DF45D1D1D25FC004F74E5 /* Icon-Spotlight-40@2x.png */ = {isa = PBXFileReference; lastKnownFileType = image.png; path = "Icon-Spotlight-40@2x.png"; sourceTree = "<group>"; };
		3B3DF45E1D1D25FC004F74E5 /* Icon-Spotlight-40@3x.png */ = {isa = PBXFileReference; lastKnownFileType = image.png; path = "Icon-Spotlight-40@3x.png"; sourceTree = "<group>"; };
		3B3DF45F1D1D25FC004F74E5 /* Icon.png */ = {isa = PBXFileReference; lastKnownFileType = image.png; path = Icon.png; sourceTree = "<group>"; };
		3B3DF4601D1D25FC004F74E5 /* Icon@2x.png */ = {isa = PBXFileReference; lastKnownFileType = image.png; path = "Icon@2x.png"; sourceTree = "<group>"; };
		3B3DF4611D1D25FC004F74E5 /* iTunesArtwork */ = {isa = PBXFileReference; lastKnownFileType = file; path = iTunesArtwork; sourceTree = "<group>"; };
		3B3DF4621D1D25FC004F74E5 /* iTunesArtwork@2x */ = {isa = PBXFileReference; lastKnownFileType = file; path = "iTunesArtwork@2x"; sourceTree = "<group>"; };
		3B3DF4791D1D27C2004F74E5 /* ic_font.png */ = {isa = PBXFileReference; lastKnownFileType = image.png; path = ic_font.png; sourceTree = "<group>"; };
		3B3DF47B1D1D2A14004F74E5 /* help.txt */ = {isa = PBXFileReference; fileEncoding = 4; lastKnownFileType = text; path = help.txt; sourceTree = "<group>"; };
/* End PBXFileReference section */

/* Begin PBXFrameworksBuildPhase section */
		3B3AD9F91D1D038700B5DDD4 /* Frameworks */ = {
			isa = PBXFrameworksBuildPhase;
			buildActionMask = 2147483647;
			files = (
				3B3ADA711D1D11A100B5DDD4 /* JavaScriptCore.framework in Frameworks */,
			);
			runOnlyForDeploymentPostprocessing = 0;
		};
/* End PBXFrameworksBuildPhase section */

/* Begin PBXGroup section */
		3B3AD9F31D1D038700B5DDD4 = {
			isa = PBXGroup;
			children = (
				3B3ADA701D1D11A100B5DDD4 /* JavaScriptCore.framework */,
				3B3AD9FE1D1D038700B5DDD4 /* MarkDownIos */,
				3B3AD9FD1D1D038700B5DDD4 /* Products */,
			);
			sourceTree = "<group>";
		};
		3B3AD9FD1D1D038700B5DDD4 /* Products */ = {
			isa = PBXGroup;
			children = (
				3B3AD9FC1D1D038700B5DDD4 /* MarkDownIos.app */,
			);
			name = Products;
			sourceTree = "<group>";
		};
		3B3AD9FE1D1D038700B5DDD4 /* MarkDownIos */ = {
			isa = PBXGroup;
			children = (
				3B3ADA171D1D03C400B5DDD4 /* Resouse */,
				3B3ADA161D1D03BC00B5DDD4 /* Tool */,
				3B3ADA021D1D038700B5DDD4 /* AppDelegate.h */,
				3B3ADA031D1D038700B5DDD4 /* AppDelegate.m */,
				3B3ADA051D1D038700B5DDD4 /* ViewController.h */,
				3B3ADA061D1D038700B5DDD4 /* ViewController.m */,
				3B3ADA081D1D038700B5DDD4 /* Main.storyboard */,
				3B3DF44A1D1D18E1004F74E5 /* ShowMatrDownHmlVC.h */,
				3B3DF44B1D1D18E1004F74E5 /* ShowMatrDownHmlVC.m */,
				3B3ADA0B1D1D038700B5DDD4 /* Assets.xcassets */,
				3B3ADA0D1D1D038700B5DDD4 /* LaunchScreen.storyboard */,
				3B3ADA101D1D038700B5DDD4 /* Info.plist */,
				3B3AD9FF1D1D038700B5DDD4 /* Supporting Files */,
			);
			path = MarkDownIos;
			sourceTree = "<group>";
		};
		3B3AD9FF1D1D038700B5DDD4 /* Supporting Files */ = {
			isa = PBXGroup;
			children = (
				3B3ADA001D1D038700B5DDD4 /* main.m */,
			);
			name = "Supporting Files";
			sourceTree = "<group>";
		};
		3B3ADA161D1D03BC00B5DDD4 /* Tool */ = {
			isa = PBXGroup;
			children = (
			);
			name = Tool;
			sourceTree = "<group>";
		};
		3B3ADA171D1D03C400B5DDD4 /* Resouse */ = {
			isa = PBXGroup;
			children = (
				3B3DF4781D1D27BC004F74E5 /* images */,
				3B3DF44D1D1D25FC004F74E5 /* icons */,
				3B3ADA231D1D05A800B5DDD4 /* php-markdown-lib */,
				3B3DF47B1D1D2A14004F74E5 /* help.txt */,
			);
			name = Resouse;
			sourceTree = "<group>";
		};
		3B3ADA231D1D05A800B5DDD4 /* php-markdown-lib */ = {
			isa = PBXGroup;
			children = (
				3B3ADA241D1D05A800B5DDD4 /* .travis.yml */,
				3B3ADA251D1D05A800B5DDD4 /* Clearness Dark.css */,
				3B3ADA261D1D05A800B5DDD4 /* Clearness.css */,
				3B3ADA271D1D05A800B5DDD4 /* composer.json */,
				3B3ADA281D1D05A800B5DDD4 /* dist */,
				3B3ADA2D1D1D05A800B5DDD4 /* github-markdown.css */,
				3B3ADA2E1D1D05A800B5DDD4 /* GitHub.css */,
				3B3ADA2F1D1D05A800B5DDD4 /* GitHub2.css */,
				3B3ADA301D1D05A800B5DDD4 /* lib */,
				3B3ADA331D1D05A800B5DDD4 /* LICENSE.txt */,
				3B3ADA341D1D05A800B5DDD4 /* Parsedown.php */,
				3B3ADA351D1D05A800B5DDD4 /* ParsedownExtra.php */,
				3B3ADA361D1D05A800B5DDD4 /* phpunit.xml.dist */,
				3B3ADA371D1D05A800B5DDD4 /* README.md */,
				3B3ADA381D1D05A800B5DDD4 /* showdown.html */,
				3B3ADA391D1D05A800B5DDD4 /* strapdown.html */,
				3B3ADA3A1D1D05A800B5DDD4 /* test */,
				3B3ADA4A1D1D05A800B5DDD4 /* text.html */,
				3B3ADA4B1D1D05A800B5DDD4 /* text.php */,
				3B3ADA6E1D1D072C00B5DDD4 /* ShowHtml.html */,
			);
			path = "php-markdown-lib";
			sourceTree = "<group>";
		};
		3B3ADA281D1D05A800B5DDD4 /* dist */ = {
			isa = PBXGroup;
			children = (
				3B3ADA291D1D05A800B5DDD4 /* showdown.js */,
				3B3ADA2A1D1D05A800B5DDD4 /* showdown.js.map */,
				3B3ADA2B1D1D05A800B5DDD4 /* showdown.min.js */,
				3B3ADA2C1D1D05A800B5DDD4 /* showdown.min.js.map */,
			);
			path = dist;
			sourceTree = "<group>";
		};
		3B3ADA301D1D05A800B5DDD4 /* lib */ = {
			isa = PBXGroup;
			children = (
				3B3ADA311D1D05A800B5DDD4 /* index.js */,
				3B3ADA321D1D05A800B5DDD4 /* markdown.js */,
			);
			path = lib;
			sourceTree = "<group>";
		};
		3B3ADA3A1D1D05A800B5DDD4 /* test */ = {
			isa = PBXGroup;
			children = (
				3B3ADA3B1D1D05A800B5DDD4 /* bootstrap.php */,
				3B3ADA3C1D1D05A800B5DDD4 /* data */,
				3B3ADA491D1D05A800B5DDD4 /* ParsedownExtraTest.php */,
			);
			path = test;
			sourceTree = "<group>";
		};
		3B3ADA3C1D1D05A800B5DDD4 /* data */ = {
			isa = PBXGroup;
			children = (
				3B3ADA3D1D1D05A800B5DDD4 /* abbreviation.html */,
				3B3ADA3E1D1D05A800B5DDD4 /* abbreviation.md */,
				3B3ADA3F1D1D05A800B5DDD4 /* compound_footnote.html */,
				3B3ADA401D1D05A800B5DDD4 /* compound_footnote.md */,
				3B3ADA411D1D05A800B5DDD4 /* definition_list.html */,
				3B3ADA421D1D05A800B5DDD4 /* definition_list.md */,
				3B3ADA431D1D05A800B5DDD4 /* footnote.html */,
				3B3ADA441D1D05A800B5DDD4 /* footnote.md */,
				3B3ADA451D1D05A800B5DDD4 /* markdown_inside_markup.html */,
				3B3ADA461D1D05A800B5DDD4 /* markdown_inside_markup.md */,
				3B3ADA471D1D05A800B5DDD4 /* special_attributes.html */,
				3B3ADA481D1D05A800B5DDD4 /* special_attributes.md */,
			);
			path = data;
			sourceTree = "<group>";
		};
		3B3DF44D1D1D25FC004F74E5 /* icons */ = {
			isa = PBXGroup;
			children = (
				3B3DF44E1D1D25FC004F74E5 /* Icon-60.png */,
				3B3DF44F1D1D25FC004F74E5 /* Icon-60@2x.png */,
				3B3DF4501D1D25FC004F74E5 /* Icon-60@3x.png */,
				3B3DF4511D1D25FC004F74E5 /* Icon-72.png */,
				3B3DF4521D1D25FC004F74E5 /* Icon-72@2x.png */,
				3B3DF4531D1D25FC004F74E5 /* Icon-76.png */,
				3B3DF4541D1D25FC004F74E5 /* Icon-76@2x.png */,
				3B3DF4551D1D25FC004F74E5 /* Icon-76@3x.png */,
				3B3DF4561D1D25FC004F74E5 /* Icon-iPadPro@2x.png */,
				3B3DF4571D1D25FC004F74E5 /* Icon-Small-50.png */,
				3B3DF4581D1D25FC004F74E5 /* Icon-Small-50@2x.png */,
				3B3DF4591D1D25FC004F74E5 /* Icon-Small.png */,
				3B3DF45A1D1D25FC004F74E5 /* Icon-Small@2x.png */,
				3B3DF45B1D1D25FC004F74E5 /* Icon-Small@3x.png */,
				3B3DF45C1D1D25FC004F74E5 /* Icon-Spotlight-40.png */,
				3B3DF45D1D1D25FC004F74E5 /* Icon-Spotlight-40@2x.png */,
				3B3DF45E1D1D25FC004F74E5 /* Icon-Spotlight-40@3x.png */,
				3B3DF45F1D1D25FC004F74E5 /* Icon.png */,
				3B3DF4601D1D25FC004F74E5 /* Icon@2x.png */,
				3B3DF4611D1D25FC004F74E5 /* iTunesArtwork */,
				3B3DF4621D1D25FC004F74E5 /* iTunesArtwork@2x */,
			);
			path = icons;
			sourceTree = "<group>";
		};
		3B3DF4781D1D27BC004F74E5 /* images */ = {
			isa = PBXGroup;
			children = (
				3B3DF4791D1D27C2004F74E5 /* ic_font.png */,
			);
			name = images;
			sourceTree = "<group>";
		};
/* End PBXGroup section */

/* Begin PBXNativeTarget section */
		3B3AD9FB1D1D038700B5DDD4 /* MarkDownIos */ = {
			isa = PBXNativeTarget;
			buildConfigurationList = 3B3ADA131D1D038700B5DDD4 /* Build configuration list for PBXNativeTarget "MarkDownIos" */;
			buildPhases = (
				3B3AD9F81D1D038700B5DDD4 /* Sources */,
				3B3AD9F91D1D038700B5DDD4 /* Frameworks */,
				3B3AD9FA1D1D038700B5DDD4 /* Resources */,
			);
			buildRules = (
			);
			dependencies = (
			);
			name = MarkDownIos;
			productName = MarkDownIos;
			productReference = 3B3AD9FC1D1D038700B5DDD4 /* MarkDownIos.app */;
			productType = "com.apple.product-type.application";
		};
/* End PBXNativeTarget section */

/* Begin PBXProject section */
		3B3AD9F41D1D038700B5DDD4 /* Project object */ = {
			isa = PBXProject;
			attributes = {
				LastUpgradeCheck = 0730;
				ORGANIZATIONNAME = Mr.Wang;
				TargetAttributes = {
					3B3AD9FB1D1D038700B5DDD4 = {
						CreatedOnToolsVersion = 7.3;
					};
				};
			};
			buildConfigurationList = 3B3AD9F71D1D038700B5DDD4 /* Build configuration list for PBXProject "MarkDownIos" */;
			compatibilityVersion = "Xcode 3.2";
			developmentRegion = English;
			hasScannedForEncodings = 0;
			knownRegions = (
				en,
				Base,
			);
			mainGroup = 3B3AD9F31D1D038700B5DDD4;
			productRefGroup = 3B3AD9FD1D1D038700B5DDD4 /* Products */;
			projectDirPath = "";
			projectRoot = "";
			targets = (
				3B3AD9FB1D1D038700B5DDD4 /* MarkDownIos */,
			);
		};
/* End PBXProject section */

/* Begin PBXResourcesBuildPhase section */
		3B3AD9FA1D1D038700B5DDD4 /* Resources */ = {
			isa = PBXResourcesBuildPhase;
			buildActionMask = 2147483647;
			files = (
				3B3DF46C1D1D25FC004F74E5 /* Icon-Small-50.png in Resources */,
				3B3DF4681D1D25FC004F74E5 /* Icon-76.png in Resources */,
				3B3ADA0F1D1D038700B5DDD4 /* LaunchScreen.storyboard in Resources */,
				3B3DF4701D1D25FC004F74E5 /* Icon-Small@3x.png in Resources */,
				3B3DF4691D1D25FC004F74E5 /* Icon-76@2x.png in Resources */,
				3B3ADA6B1D1D05A800B5DDD4 /* ParsedownExtraTest.php in Resources */,
				3B3DF4721D1D25FC004F74E5 /* Icon-Spotlight-40@2x.png in Resources */,
				3B3DF4671D1D25FC004F74E5 /* Icon-72@2x.png in Resources */,
				3B3ADA691D1D05A800B5DDD4 /* special_attributes.html in Resources */,
				3B3ADA5E1D1D05A800B5DDD4 /* bootstrap.php in Resources */,
				3B3ADA0C1D1D038700B5DDD4 /* Assets.xcassets in Resources */,
				3B3DF46E1D1D25FC004F74E5 /* Icon-Small.png in Resources */,
				3B3ADA0A1D1D038700B5DDD4 /* Main.storyboard in Resources */,
				3B3ADA511D1D05A800B5DDD4 /* showdown.min.js in Resources */,
				3B3DF4711D1D25FC004F74E5 /* Icon-Spotlight-40.png in Resources */,
				3B3ADA561D1D05A800B5DDD4 /* markdown.js in Resources */,
				3B3DF4761D1D25FC004F74E5 /* iTunesArtwork in Resources */,
				3B3ADA631D1D05A800B5DDD4 /* definition_list.html in Resources */,
				3B3ADA6F1D1D072C00B5DDD4 /* ShowHtml.html in Resources */,
				3B3ADA581D1D05A800B5DDD4 /* Parsedown.php in Resources */,
				3B3DF4751D1D25FC004F74E5 /* Icon@2x.png in Resources */,
				3B3DF4741D1D25FC004F74E5 /* Icon.png in Resources */,
				3B3ADA531D1D05A800B5DDD4 /* GitHub.css in Resources */,
				3B3DF47C1D1D2A14004F74E5 /* help.txt in Resources */,
				3B3ADA4C1D1D05A800B5DDD4 /* .travis.yml in Resources */,
				3B3ADA521D1D05A800B5DDD4 /* github-markdown.css in Resources */,
				3B3ADA5D1D1D05A800B5DDD4 /* strapdown.html in Resources */,
				3B3ADA611D1D05A800B5DDD4 /* compound_footnote.html in Resources */,
				3B3DF46F1D1D25FC004F74E5 /* Icon-Small@2x.png in Resources */,
				3B3DF4771D1D25FC004F74E5 /* iTunesArtwork@2x in Resources */,
				3B3ADA5C1D1D05A800B5DDD4 /* showdown.html in Resources */,
				3B3ADA5A1D1D05A800B5DDD4 /* phpunit.xml.dist in Resources */,
				3B3DF46B1D1D25FC004F74E5 /* Icon-iPadPro@2x.png in Resources */,
				3B3ADA6C1D1D05A800B5DDD4 /* text.html in Resources */,
				3B3ADA571D1D05A800B5DDD4 /* LICENSE.txt in Resources */,
				3B3DF46A1D1D25FC004F74E5 /* Icon-76@3x.png in Resources */,
				3B3ADA4E1D1D05A800B5DDD4 /* Clearness.css in Resources */,
				3B3ADA4F1D1D05A800B5DDD4 /* composer.json in Resources */,
				3B3ADA671D1D05A800B5DDD4 /* markdown_inside_markup.html in Resources */,
				3B3ADA651D1D05A800B5DDD4 /* footnote.html in Resources */,
				3B3DF46D1D1D25FC004F74E5 /* Icon-Small-50@2x.png in Resources */,
				3B3DF47A1D1D27C2004F74E5 /* ic_font.png in Resources */,
				3B3ADA551D1D05A800B5DDD4 /* index.js in Resources */,
				3B3ADA5F1D1D05A800B5DDD4 /* abbreviation.html in Resources */,
				3B3DF4661D1D25FC004F74E5 /* Icon-72.png in Resources */,
				3B3DF4641D1D25FC004F74E5 /* Icon-60@2x.png in Resources */,
				3B3DF4631D1D25FC004F74E5 /* Icon-60.png in Resources */,
				3B3ADA6D1D1D05A800B5DDD4 /* text.php in Resources */,
				3B3ADA591D1D05A800B5DDD4 /* ParsedownExtra.php in Resources */,
				3B3DF4731D1D25FC004F74E5 /* Icon-Spotlight-40@3x.png in Resources */,
				3B3ADA4D1D1D05A800B5DDD4 /* Clearness Dark.css in Resources */,
				3B3ADA541D1D05A800B5DDD4 /* GitHub2.css in Resources */,
				3B3DF4651D1D25FC004F74E5 /* Icon-60@3x.png in Resources */,
				3B3ADA501D1D05A800B5DDD4 /* showdown.js in Resources */,
			);
			runOnlyForDeploymentPostprocessing = 0;
		};
/* End PBXResourcesBuildPhase section */

/* Begin PBXSourcesBuildPhase section */
		3B3AD9F81D1D038700B5DDD4 /* Sources */ = {
			isa = PBXSourcesBuildPhase;
			buildActionMask = 2147483647;
			files = (
				3B3ADA661D1D05A800B5DDD4 /* footnote.md in Sources */,
				3B3DF44C1D1D18E1004F74E5 /* ShowMatrDownHmlVC.m in Sources */,
				3B3ADA6A1D1D05A800B5DDD4 /* special_attributes.md in Sources */,
				3B3ADA641D1D05A800B5DDD4 /* definition_list.md in Sources */,
				3B3ADA071D1D038700B5DDD4 /* ViewController.m in Sources */,
				3B3ADA681D1D05A800B5DDD4 /* markdown_inside_markup.md in Sources */,
				3B3ADA041D1D038700B5DDD4 /* AppDelegate.m in Sources */,
				3B3ADA601D1D05A800B5DDD4 /* abbreviation.md in Sources */,
				3B3ADA5B1D1D05A800B5DDD4 /* README.md in Sources */,
				3B3ADA011D1D038700B5DDD4 /* main.m in Sources */,
				3B3ADA621D1D05A800B5DDD4 /* compound_footnote.md in Sources */,
			);
			runOnlyForDeploymentPostprocessing = 0;
		};
/* End PBXSourcesBuildPhase section */

/* Begin PBXVariantGroup section */
		3B3ADA081D1D038700B5DDD4 /* Main.storyboard */ = {
			isa = PBXVariantGroup;
			children = (
				3B3ADA091D1D038700B5DDD4 /* Base */,
			);
			name = Main.storyboard;
			sourceTree = "<group>";
		};
		3B3ADA0D1D1D038700B5DDD4 /* LaunchScreen.storyboard */ = {
			isa = PBXVariantGroup;
			children = (
				3B3ADA0E1D1D038700B5DDD4 /* Base */,
			);
			name = LaunchScreen.storyboard;
			sourceTree = "<group>";
		};
/* End PBXVariantGroup section */

/* Begin XCBuildConfiguration section */
		3B3ADA111D1D038700B5DDD4 /* Debug */ = {
			isa = XCBuildConfiguration;
			buildSettings = {
				ALWAYS_SEARCH_USER_PATHS = NO;
				CLANG_ANALYZER_NONNULL = YES;
				CLANG_CXX_LANGUAGE_STANDARD = "gnu++0x";
				CLANG_CXX_LIBRARY = "libc++";
				CLANG_ENABLE_MODULES = YES;
				CLANG_ENABLE_OBJC_ARC = YES;
				CLANG_WARN_BOOL_CONVERSION = YES;
				CLANG_WARN_CONSTANT_CONVERSION = YES;
				CLANG_WARN_DIRECT_OBJC_ISA_USAGE = YES_ERROR;
				CLANG_WARN_EMPTY_BODY = YES;
				CLANG_WARN_ENUM_CONVERSION = YES;
				CLANG_WARN_INT_CONVERSION = YES;
				CLANG_WARN_OBJC_ROOT_CLASS = YES_ERROR;
				CLANG_WARN_UNREACHABLE_CODE = YES;
				CLANG_WARN__DUPLICATE_METHOD_MATCH = YES;
				"CODE_SIGN_IDENTITY[sdk=iphoneos*]" = "iPhone Developer";
				COPY_PHASE_STRIP = NO;
				DEBUG_INFORMATION_FORMAT = dwarf;
				ENABLE_STRICT_OBJC_MSGSEND = YES;
				ENABLE_TESTABILITY = YES;
				GCC_C_LANGUAGE_STANDARD = gnu99;
				GCC_DYNAMIC_NO_PIC = NO;
				GCC_NO_COMMON_BLOCKS = YES;
				GCC_OPTIMIZATION_LEVEL = 0;
				GCC_PREPROCESSOR_DEFINITIONS = (
					"DEBUG=1",
					"$(inherited)",
				);
				GCC_WARN_64_TO_32_BIT_CONVERSION = YES;
				GCC_WARN_ABOUT_RETURN_TYPE = YES_ERROR;
				GCC_WARN_UNDECLARED_SELECTOR = YES;
				GCC_WARN_UNINITIALIZED_AUTOS = YES_AGGRESSIVE;
				GCC_WARN_UNUSED_FUNCTION = YES;
				GCC_WARN_UNUSED_VARIABLE = YES;
				IPHONEOS_DEPLOYMENT_TARGET = 9.3;
				MTL_ENABLE_DEBUG_INFO = YES;
				ONLY_ACTIVE_ARCH = YES;
				SDKROOT = iphoneos;
			};
			name = Debug;
		};
		3B3ADA121D1D038700B5DDD4 /* Release */ = {
			isa = XCBuildConfiguration;
			buildSettings = {
				ALWAYS_SEARCH_USER_PATHS = NO;
				CLANG_ANALYZER_NONNULL = YES;
				CLANG_CXX_LANGUAGE_STANDARD = "gnu++0x";
				CLANG_CXX_LIBRARY = "libc++";
				CLANG_ENABLE_MODULES = YES;
				CLANG_ENABLE_OBJC_ARC = YES;
				CLANG_WARN_BOOL_CONVERSION = YES;
				CLANG_WARN_CONSTANT_CONVERSION = YES;
				CLANG_WARN_DIRECT_OBJC_ISA_USAGE = YES_ERROR;
				CLANG_WARN_EMPTY_BODY = YES;
				CLANG_WARN_ENUM_CONVERSION = YES;
				CLANG_WARN_INT_CONVERSION = YES;
				CLANG_WARN_OBJC_ROOT_CLASS = YES_ERROR;
				CLANG_WARN_UNREACHABLE_CODE = YES;
				CLANG_WARN__DUPLICATE_METHOD_MATCH = YES;
				"CODE_SIGN_IDENTITY[sdk=iphoneos*]" = "iPhone Developer";
				COPY_PHASE_STRIP = NO;
				DEBUG_INFORMATION_FORMAT = "dwarf-with-dsym";
				ENABLE_NS_ASSERTIONS = NO;
				ENABLE_STRICT_OBJC_MSGSEND = YES;
				GCC_C_LANGUAGE_STANDARD = gnu99;
				GCC_NO_COMMON_BLOCKS = YES;
				GCC_WARN_64_TO_32_BIT_CONVERSION = YES;
				GCC_WARN_ABOUT_RETURN_TYPE = YES_ERROR;
				GCC_WARN_UNDECLARED_SELECTOR = YES;
				GCC_WARN_UNINITIALIZED_AUTOS = YES_AGGRESSIVE;
				GCC_WARN_UNUSED_FUNCTION = YES;
				GCC_WARN_UNUSED_VARIABLE = YES;
				IPHONEOS_DEPLOYMENT_TARGET = 9.3;
				MTL_ENABLE_DEBUG_INFO = NO;
				SDKROOT = iphoneos;
				VALIDATE_PRODUCT = YES;
			};
			name = Release;
		};
		3B3ADA141D1D038700B5DDD4 /* Debug */ = {
			isa = XCBuildConfiguration;
			buildSettings = {
				ASSETCATALOG_COMPILER_APPICON_NAME = AppIcon;
				INFOPLIST_FILE = MarkDownIos/Info.plist;
				IPHONEOS_DEPLOYMENT_TARGET = 7.0;
				LD_RUNPATH_SEARCH_PATHS = "$(inherited) @executable_path/Frameworks";
				PRODUCT_BUNDLE_IDENTIFIER = com.yun.mk;
				PRODUCT_NAME = "$(TARGET_NAME)";
			};
			name = Debug;
		};
		3B3ADA151D1D038700B5DDD4 /* Release */ = {
			isa = XCBuildConfiguration;
			buildSettings = {
				ASSETCATALOG_COMPILER_APPICON_NAME = AppIcon;
				INFOPLIST_FILE = MarkDownIos/Info.plist;
				IPHONEOS_DEPLOYMENT_TARGET = 7.0;
				LD_RUNPATH_SEARCH_PATHS = "$(inherited) @executable_path/Frameworks";
				PRODUCT_BUNDLE_IDENTIFIER = com.yun.mk;
				PRODUCT_NAME = "$(TARGET_NAME)";
			};
			name = Release;
		};
/* End XCBuildConfiguration section */

/* Begin XCConfigurationList section */
		3B3AD9F71D1D038700B5DDD4 /* Build configuration list for PBXProject "MarkDownIos" */ = {
			isa = XCConfigurationList;
			buildConfigurations = (
				3B3ADA111D1D038700B5DDD4 /* Debug */,
				3B3ADA121D1D038700B5DDD4 /* Release */,
			);
			defaultConfigurationIsVisible = 0;
			defaultConfigurationName = Release;
		};
		3B3ADA131D1D038700B5DDD4 /* Build configuration list for PBXNativeTarget "MarkDownIos" */ = {
			isa = XCConfigurationList;
			buildConfigurations = (
				3B3ADA141D1D038700B5DDD4 /* Debug */,
				3B3ADA151D1D038700B5DDD4 /* Release */,
			);
			defaultConfigurationIsVisible = 0;
			defaultConfigurationName = Release;
		};
/* End XCConfigurationList section */
	};
	rootObject = 3B3AD9F41D1D038700B5DDD4 /* Project object */;
}
